Microsoft Visual Studio Solution File, Format Version 12.00
# Visual Studio Version 17
VisualStudioVersion = 17.0.31903.59
MinimumVisualStudioVersion = 10.0.40219.1
Project("{FAE04EC0-301F-11D3-BF4B-00C04F79EFBC}") = "WorldbuilderWriter.Core", "src\WorldbuilderWriter.Core\WorldbuilderWriter.Core.csproj", "{11D4DAF8-CA5E-42D4-958E-B5CA0E3E6A55}"
EndProject
Project("{FAE04EC0-301F-11D3-BF4B-00C04F79EFBC}") = "WorldbuilderWriter.Infrastructure", "src\WorldbuilderWriter.Infrastructure\WorldbuilderWriter.Infrastructure.csproj", "{B46DA939-EB67-4979-AE57-5CBCCAE38DB5}"
EndProject
Project("{FAE04EC0-301F-11D3-BF4B-00C04F79EFBC}") = "WorldbuilderWriter.App", "src\WorldbuilderWriter.App\WorldbuilderWriter.App.csproj", "{552E2F98-F8F8-4FB9-913C-B301222CE86B}"
EndProject
Global
  GlobalSection(SolutionConfigurationPlatforms) = preSolution
    Debug|Any CPU = Debug|Any CPU
    Release|Any CPU = Release|Any CPU
  EndGlobalSection
  GlobalSection(ProjectConfigurationPlatforms) = postSolution
    {11D4DAF8-CA5E-42D4-958E-B5CA0E3E6A55}.Debug|Any CPU.ActiveCfg = Debug|Any CPU
    {11D4DAF8-CA5E-42D4-958E-B5CA0E3E6A55}.Debug|Any CPU.Build.0 = Debug|Any CPU
    {11D4DAF8-CA5E-42D4-958E-B5CA0E3E6A55}.Release|Any CPU.ActiveCfg = Release|Any CPU
    {11D4DAF8-CA5E-42D4-958E-B5CA0E3E6A55}.Release|Any CPU.Build.0 = Release|Any CPU
    {B46DA939-EB67-4979-AE57-5CBCCAE38DB5}.Debug|Any CPU.ActiveCfg = Debug|Any CPU
    {B46DA939-EB67-4979-AE57-5CBCCAE38DB5}.Debug|Any CPU.Build.0 = Debug|Any CPU
    {B46DA939-EB67-4979-AE57-5CBCCAE38DB5}.Release|Any CPU.ActiveCfg = Release|Any CPU
    {B46DA939-EB67-4979-AE57-5CBCCAE38DB5}.Release|Any CPU.Build.0 = Release|Any CPU
    {552E2F98-F8F8-4FB9-913C-B301222CE86B}.Debug|Any CPU.ActiveCfg = Debug|Any CPU
    {552E2F98-F8F8-4FB9-913C-B301222CE86B}.Debug|Any CPU.Build.0 = Debug|Any CPU
    {552E2F98-F8F8-4FB9-913C-B301222CE86B}.Release|Any CPU.ActiveCfg = Release|Any CPU
    {552E2F98-F8F8-4FB9-913C-B301222CE86B}.Release|Any CPU.Build.0 = Release|Any CPU
  EndGlobalSection
EndGlobal
