Microsoft Visual Studio Solution File, Format Version 12.00
# Visual Studio Version 17
VisualStudioVersion = 17.0.31903.59
MinimumVisualStudioVersion = 10.0.40219.1
Project("{FAE04EC0-301F-11D3-BF4B-00C04F79EFBC}") = "WorldbuilderWriter.Core", "src\WorldbuilderWriter.Core\WorldbuilderWriter.Core.csproj", "{53E42D44-A58A-463E-995C-6799234AF4E8}"
EndProject
Project("{FAE04EC0-301F-11D3-BF4B-00C04F79EFBC}") = "WorldbuilderWriter.Infrastructure", "src\WorldbuilderWriter.Infrastructure\WorldbuilderWriter.Infrastructure.csproj", "{92920572-D4F1-4C99-A61F-C63DE677D033}"
EndProject
Project("{FAE04EC0-301F-11D3-BF4B-00C04F79EFBC}") = "WorldbuilderWriter.UI", "src\WorldbuilderWriter.UI\WorldbuilderWriter.UI.csproj", "{955538CB-E0A0-43F1-AB9C-EFD6F198B6E7}"
EndProject
Project("{FAE04EC0-301F-11D3-BF4B-00C04F79EFBC}") = "WorldbuilderWriter.Web", "src\WorldbuilderWriter.Web\WorldbuilderWriter.Web.csproj", "{11700817-C806-42C2-B23D-B2E3C0548313}"
EndProject
Project("{FAE04EC0-301F-11D3-BF4B-00C04F79EFBC}") = "WorldbuilderWriter.RegressionTests", "tests\WorldbuilderWriter.RegressionTests\WorldbuilderWriter.RegressionTests.csproj", "{A7B39C92-5C23-4D5C-9034-20D6AF4E77BB}"
EndProject
Project("{FAE04EC0-301F-11D3-BF4B-00C04F79EFBC}") = "WorldbuilderWriter.Desktop", "src\WorldbuilderWriter.Desktop\WorldbuilderWriter.Desktop.csproj", "{F6DF670A-E9C8-4E90-A3C3-66744B350641}"
EndProject
Global
  GlobalSection(SolutionConfigurationPlatforms) = preSolution
    Debug|Any CPU = Debug|Any CPU
    Release|Any CPU = Release|Any CPU
  EndGlobalSection
  GlobalSection(ProjectConfigurationPlatforms) = postSolution
    {53E42D44-A58A-463E-995C-6799234AF4E8}.Debug|Any CPU.ActiveCfg = Debug|Any CPU
    {53E42D44-A58A-463E-995C-6799234AF4E8}.Debug|Any CPU.Build.0 = Debug|Any CPU
    {53E42D44-A58A-463E-995C-6799234AF4E8}.Release|Any CPU.ActiveCfg = Release|Any CPU
    {53E42D44-A58A-463E-995C-6799234AF4E8}.Release|Any CPU.Build.0 = Release|Any CPU
    {92920572-D4F1-4C99-A61F-C63DE677D033}.Debug|Any CPU.ActiveCfg = Debug|Any CPU
    {92920572-D4F1-4C99-A61F-C63DE677D033}.Debug|Any CPU.Build.0 = Debug|Any CPU
    {92920572-D4F1-4C99-A61F-C63DE677D033}.Release|Any CPU.ActiveCfg = Release|Any CPU
    {92920572-D4F1-4C99-A61F-C63DE677D033}.Release|Any CPU.Build.0 = Release|Any CPU
    {955538CB-E0A0-43F1-AB9C-EFD6F198B6E7}.Debug|Any CPU.ActiveCfg = Debug|Any CPU
    {955538CB-E0A0-43F1-AB9C-EFD6F198B6E7}.Debug|Any CPU.Build.0 = Debug|Any CPU
    {955538CB-E0A0-43F1-AB9C-EFD6F198B6E7}.Release|Any CPU.ActiveCfg = Release|Any CPU
    {955538CB-E0A0-43F1-AB9C-EFD6F198B6E7}.Release|Any CPU.Build.0 = Release|Any CPU
    {11700817-C806-42C2-B23D-B2E3C0548313}.Debug|Any CPU.ActiveCfg = Debug|Any CPU
    {11700817-C806-42C2-B23D-B2E3C0548313}.Debug|Any CPU.Build.0 = Debug|Any CPU
    {11700817-C806-42C2-B23D-B2E3C0548313}.Release|Any CPU.ActiveCfg = Release|Any CPU
    {11700817-C806-42C2-B23D-B2E3C0548313}.Release|Any CPU.Build.0 = Release|Any CPU
    {A7B39C92-5C23-4D5C-9034-20D6AF4E77BB}.Debug|Any CPU.ActiveCfg = Debug|Any CPU
    {A7B39C92-5C23-4D5C-9034-20D6AF4E77BB}.Debug|Any CPU.Build.0 = Debug|Any CPU
    {A7B39C92-5C23-4D5C-9034-20D6AF4E77BB}.Release|Any CPU.ActiveCfg = Release|Any CPU
    {A7B39C92-5C23-4D5C-9034-20D6AF4E77BB}.Release|Any CPU.Build.0 = Release|Any CPU
    {F6DF670A-E9C8-4E90-A3C3-66744B350641}.Debug|Any CPU.ActiveCfg = Debug|Any CPU
    {F6DF670A-E9C8-4E90-A3C3-66744B350641}.Debug|Any CPU.Build.0 = Debug|Any CPU
    {F6DF670A-E9C8-4E90-A3C3-66744B350641}.Release|Any CPU.ActiveCfg = Release|Any CPU
    {F6DF670A-E9C8-4E90-A3C3-66744B350641}.Release|Any CPU.Build.0 = Release|Any CPU
  EndGlobalSection
  GlobalSection(SolutionProperties) = preSolution
    HideSolutionNode = FALSE
  EndGlobalSection
EndGlobal
